
Microsoft Visual Studio Solution File, Format Version 12.00
# Visual Studio Version 16
VisualStudioVersion = 16.0.29025.244
MinimumVisualStudioVersion = 10.0.40219.1
Project("{FAE04EC0-301F-11D3-BF4B-00C04F79EFBC}") = "oFor", "oFor\oFor.csproj", "{DA0037BD-B0E4-4D50-980C-93C17A76AB91}"
EndProject
Global
	GlobalSection(SolutionConfigurationPlatforms) = preSolution
		Debug|Any CPU = Debug|Any CPU
		Release|Any CPU = Release|Any CPU
	EndGlobalSection
	GlobalSection(ProjectConfigurationPlatforms) = postSolution
		{DA0037BD-B0E4-4D50-980C-93C17A76AB91}.Debug|Any CPU.ActiveCfg = Debug|Any CPU
		{DA0037BD-B0E4-4D50-980C-93C17A76AB91}.Debug|Any CPU.Build.0 = Debug|Any CPU
		{DA0037BD-B0E4-4D50-980C-93C17A76AB91}.Release|Any CPU.ActiveCfg = Release|Any CPU
		{DA0037BD-B0E4-4D50-980C-93C17A76AB91}.Release|Any CPU.Build.0 = Release|Any CPU
	EndGlobalSection
	GlobalSection(SolutionProperties) = preSolution
		HideSolutionNode = FALSE
	EndGlobalSection
	GlobalSection(ExtensibilityGlobals) = postSolution
		SolutionGuid = {701E32F1-2CD8-4777-835A-B379329FF61D}
	EndGlobalSection
EndGlobal
